
Terraform used the selected providers to generate the following execution
plan. Resource actions are indicated with the following symbols:
  [32m+[0m create[0m

Terraform will perform the following actions:

[1m  # module.azuread-remove-password["1"].azuread_application.application[0m will be created
[0m  [32m+[0m[0m resource "azuread_application" "application" {
      [32m+[0m[0m app_role_ids                = (known after apply)
      [32m+[0m[0m client_id                   = (known after apply)
      [32m+[0m[0m disabled_by_microsoft       = (known after apply)
      [32m+[0m[0m display_name                = "sp-1"
      [32m+[0m[0m id                          = (known after apply)
      [32m+[0m[0m logo_url                    = (known after apply)
      [32m+[0m[0m oauth2_permission_scope_ids = (known after apply)
      [32m+[0m[0m object_id                   = (known after apply)
      [32m+[0m[0m owners                      = [
          [32m+[0m[0m "0eca5427-e473-4a4a-84f4-16ad0fc5b437",
        ]
      [32m+[0m[0m prevent_duplicate_names     = false
      [32m+[0m[0m publisher_domain            = (known after apply)
      [32m+[0m[0m sign_in_audience            = "AzureADMyOrg"
      [32m+[0m[0m tags                        = (known after apply)
      [32m+[0m[0m template_id                 = (known after apply)
        [90m# (1 unchanged attribute hidden)[0m[0m

      [32m+[0m[0m feature_tags (known after apply)

      [32m+[0m[0m password (known after apply)
    }

[1m  # module.azuread-remove-password["1"].azuread_application_identifier_uri.application_client_id[0m will be created
[0m  [32m+[0m[0m resource "azuread_application_identifier_uri" "application_client_id" {
      [32m+[0m[0m application_id = (known after apply)
      [32m+[0m[0m id             = (known after apply)
      [32m+[0m[0m identifier_uri = (known after apply)
    }

[1m  # module.azuread-remove-password["1"].azuread_application_password.application_password[0m will be created
[0m  [32m+[0m[0m resource "azuread_application_password" "application_password" {
      [32m+[0m[0m application_id = (known after apply)
      [32m+[0m[0m display_name   = "remove-me"
      [32m+[0m[0m end_date       = (known after apply)
      [32m+[0m[0m id             = (known after apply)
      [32m+[0m[0m key_id         = (known after apply)
      [32m+[0m[0m start_date     = (known after apply)
      [32m+[0m[0m value          = (sensitive value)
    }

[1m  # module.azuread-remove-password["1"].azuread_service_principal.service_principal[0m will be created
[0m  [32m+[0m[0m resource "azuread_service_principal" "service_principal" {
      [32m+[0m[0m account_enabled              = true
      [32m+[0m[0m app_role_assignment_required = false
      [32m+[0m[0m app_role_ids                 = (known after apply)
      [32m+[0m[0m app_roles                    = (known after apply)
      [32m+[0m[0m application_tenant_id        = (known after apply)
      [32m+[0m[0m client_id                    = (known after apply)
      [32m+[0m[0m display_name                 = (known after apply)
      [32m+[0m[0m homepage_url                 = (known after apply)
      [32m+[0m[0m id                           = (known after apply)
      [32m+[0m[0m logout_url                   = (known after apply)
      [32m+[0m[0m oauth2_permission_scope_ids  = (known after apply)
      [32m+[0m[0m oauth2_permission_scopes     = (known after apply)
      [32m+[0m[0m object_id                    = (known after apply)
      [32m+[0m[0m owners                       = [
          [32m+[0m[0m "0eca5427-e473-4a4a-84f4-16ad0fc5b437",
        ]
      [32m+[0m[0m redirect_uris                = (known after apply)
      [32m+[0m[0m saml_metadata_url            = (known after apply)
      [32m+[0m[0m service_principal_names      = (known after apply)
      [32m+[0m[0m sign_in_audience             = (known after apply)
      [32m+[0m[0m tags                         = (known after apply)
      [32m+[0m[0m type                         = (known after apply)
        [90m# (1 unchanged attribute hidden)[0m[0m

      [32m+[0m[0m feature_tags {
          [32m+[0m[0m enterprise = false
          [32m+[0m[0m gallery    = false
          [32m+[0m[0m hide       = true
        }

      [32m+[0m[0m features (known after apply)
    }

[1m  # module.azuread-remove-password["2"].azuread_application.application[0m will be created
[0m  [32m+[0m[0m resource "azuread_application" "application" {
      [32m+[0m[0m app_role_ids                = (known after apply)
      [32m+[0m[0m client_id                   = (known after apply)
      [32m+[0m[0m disabled_by_microsoft       = (known after apply)
      [32m+[0m[0m display_name                = "sp-2"
      [32m+[0m[0m id                          = (known after apply)
      [32m+[0m[0m logo_url                    = (known after apply)
      [32m+[0m[0m oauth2_permission_scope_ids = (known after apply)
      [32m+[0m[0m object_id                   = (known after apply)
      [32m+[0m[0m owners                      = [
          [32m+[0m[0m "0eca5427-e473-4a4a-84f4-16ad0fc5b437",
        ]
      [32m+[0m[0m prevent_duplicate_names     = false
      [32m+[0m[0m publisher_domain            = (known after apply)
      [32m+[0m[0m sign_in_audience            = "AzureADMyOrg"
      [32m+[0m[0m tags                        = (known after apply)
      [32m+[0m[0m template_id                 = (known after apply)
        [90m# (1 unchanged attribute hidden)[0m[0m

      [32m+[0m[0m feature_tags (known after apply)

      [32m+[0m[0m password (known after apply)
    }

[1m  # module.azuread-remove-password["2"].azuread_application_identifier_uri.application_client_id[0m will be created
[0m  [32m+[0m[0m resource "azuread_application_identifier_uri" "application_client_id" {
      [32m+[0m[0m application_id = (known after apply)
      [32m+[0m[0m id             = (known after apply)
      [32m+[0m[0m identifier_uri = (known after apply)
    }

[1m  # module.azuread-remove-password["2"].azuread_application_password.application_password[0m will be created
[0m  [32m+[0m[0m resource "azuread_application_password" "application_password" {
      [32m+[0m[0m application_id = (known after apply)
      [32m+[0m[0m display_name   = "remove-me"
      [32m+[0m[0m end_date       = (known after apply)
      [32m+[0m[0m id             = (known after apply)
      [32m+[0m[0m key_id         = (known after apply)
      [32m+[0m[0m start_date     = (known after apply)
      [32m+[0m[0m value          = (sensitive value)
    }

[1m  # module.azuread-remove-password["2"].azuread_service_principal.service_principal[0m will be created
[0m  [32m+[0m[0m resource "azuread_service_principal" "service_principal" {
      [32m+[0m[0m account_enabled              = true
      [32m+[0m[0m app_role_assignment_required = false
      [32m+[0m[0m app_role_ids                 = (known after apply)
      [32m+[0m[0m app_roles                    = (known after apply)
      [32m+[0m[0m application_tenant_id        = (known after apply)
      [32m+[0m[0m client_id                    = (known after apply)
      [32m+[0m[0m display_name                 = (known after apply)
      [32m+[0m[0m homepage_url                 = (known after apply)
      [32m+[0m[0m id                           = (known after apply)
      [32m+[0m[0m logout_url                   = (known after apply)
      [32m+[0m[0m oauth2_permission_scope_ids  = (known after apply)
      [32m+[0m[0m oauth2_permission_scopes     = (known after apply)
      [32m+[0m[0m object_id                    = (known after apply)
      [32m+[0m[0m owners                       = [
          [32m+[0m[0m "0eca5427-e473-4a4a-84f4-16ad0fc5b437",
        ]
      [32m+[0m[0m redirect_uris                = (known after apply)
      [32m+[0m[0m saml_metadata_url            = (known after apply)
      [32m+[0m[0m service_principal_names      = (known after apply)
      [32m+[0m[0m sign_in_audience             = (known after apply)
      [32m+[0m[0m tags                         = (known after apply)
      [32m+[0m[0m type                         = (known after apply)
        [90m# (1 unchanged attribute hidden)[0m[0m

      [32m+[0m[0m feature_tags {
          [32m+[0m[0m enterprise = false
          [32m+[0m[0m gallery    = false
          [32m+[0m[0m hide       = true
        }

      [32m+[0m[0m features (known after apply)
    }

[1m  # module.azuread-remove-password["3"].azuread_application.application[0m will be created
[0m  [32m+[0m[0m resource "azuread_application" "application" {
      [32m+[0m[0m app_role_ids                = (known after apply)
      [32m+[0m[0m client_id                   = (known after apply)
      [32m+[0m[0m disabled_by_microsoft       = (known after apply)
      [32m+[0m[0m display_name                = "sp-3"
      [32m+[0m[0m id                          = (known after apply)
      [32m+[0m[0m logo_url                    = (known after apply)
      [32m+[0m[0m oauth2_permission_scope_ids = (known after apply)
      [32m+[0m[0m object_id                   = (known after apply)
      [32m+[0m[0m owners                      = [
          [32m+[0m[0m "0eca5427-e473-4a4a-84f4-16ad0fc5b437",
        ]
      [32m+[0m[0m prevent_duplicate_names     = false
      [32m+[0m[0m publisher_domain            = (known after apply)
      [32m+[0m[0m sign_in_audience            = "AzureADMyOrg"
      [32m+[0m[0m tags                        = (known after apply)
      [32m+[0m[0m template_id                 = (known after apply)
        [90m# (1 unchanged attribute hidden)[0m[0m

      [32m+[0m[0m feature_tags (known after apply)

      [32m+[0m[0m password (known after apply)
    }

[1m  # module.azuread-remove-password["3"].azuread_application_identifier_uri.application_client_id[0m will be created
[0m  [32m+[0m[0m resource "azuread_application_identifier_uri" "application_client_id" {
      [32m+[0m[0m application_id = (known after apply)
      [32m+[0m[0m id             = (known after apply)
      [32m+[0m[0m identifier_uri = (known after apply)
    }

[1m  # module.azuread-remove-password["3"].azuread_application_password.application_password[0m will be created
[0m  [32m+[0m[0m resource "azuread_application_password" "application_password" {
      [32m+[0m[0m application_id = (known after apply)
      [32m+[0m[0m display_name   = "remove-me"
      [32m+[0m[0m end_date       = (known after apply)
      [32m+[0m[0m id             = (known after apply)
      [32m+[0m[0m key_id         = (known after apply)
      [32m+[0m[0m start_date     = (known after apply)
      [32m+[0m[0m value          = (sensitive value)
    }

[1m  # module.azuread-remove-password["3"].azuread_service_principal.service_principal[0m will be created
[0m  [32m+[0m[0m resource "azuread_service_principal" "service_principal" {
      [32m+[0m[0m account_enabled              = true
      [32m+[0m[0m app_role_assignment_required = false
      [32m+[0m[0m app_role_ids                 = (known after apply)
      [32m+[0m[0m app_roles                    = (known after apply)
      [32m+[0m[0m application_tenant_id        = (known after apply)
      [32m+[0m[0m client_id                    = (known after apply)
      [32m+[0m[0m display_name                 = (known after apply)
      [32m+[0m[0m homepage_url                 = (known after apply)
      [32m+[0m[0m id                           = (known after apply)
      [32m+[0m[0m logout_url                   = (known after apply)
      [32m+[0m[0m oauth2_permission_scope_ids  = (known after apply)
      [32m+[0m[0m oauth2_permission_scopes     = (known after apply)
      [32m+[0m[0m object_id                    = (known after apply)
      [32m+[0m[0m owners                       = [
          [32m+[0m[0m "0eca5427-e473-4a4a-84f4-16ad0fc5b437",
        ]
      [32m+[0m[0m redirect_uris                = (known after apply)
      [32m+[0m[0m saml_metadata_url            = (known after apply)
      [32m+[0m[0m service_principal_names      = (known after apply)
      [32m+[0m[0m sign_in_audience             = (known after apply)
      [32m+[0m[0m tags                         = (known after apply)
      [32m+[0m[0m type                         = (known after apply)
        [90m# (1 unchanged attribute hidden)[0m[0m

      [32m+[0m[0m feature_tags {
          [32m+[0m[0m enterprise = false
          [32m+[0m[0m gallery    = false
          [32m+[0m[0m hide       = true
        }

      [32m+[0m[0m features (known after apply)
    }

[1m  # module.azuread-remove-password["4"].azuread_application.application[0m will be created
[0m  [32m+[0m[0m resource "azuread_application" "application" {
      [32m+[0m[0m app_role_ids                = (known after apply)
      [32m+[0m[0m client_id                   = (known after apply)
      [32m+[0m[0m disabled_by_microsoft       = (known after apply)
      [32m+[0m[0m display_name                = "sp-4"
      [32m+[0m[0m id                          = (known after apply)
      [32m+[0m[0m logo_url                    = (known after apply)
      [32m+[0m[0m oauth2_permission_scope_ids = (known after apply)
      [32m+[0m[0m object_id                   = (known after apply)
      [32m+[0m[0m owners                      = [
          [32m+[0m[0m "0eca5427-e473-4a4a-84f4-16ad0fc5b437",
        ]
      [32m+[0m[0m prevent_duplicate_names     = false
      [32m+[0m[0m publisher_domain            = (known after apply)
      [32m+[0m[0m sign_in_audience            = "AzureADMyOrg"
      [32m+[0m[0m tags                        = (known after apply)
      [32m+[0m[0m template_id                 = (known after apply)
        [90m# (1 unchanged attribute hidden)[0m[0m

      [32m+[0m[0m feature_tags (known after apply)

      [32m+[0m[0m password (known after apply)
    }

[1m  # module.azuread-remove-password["4"].azuread_application_identifier_uri.application_client_id[0m will be created
[0m  [32m+[0m[0m resource "azuread_application_identifier_uri" "application_client_id" {
      [32m+[0m[0m application_id = (known after apply)
      [32m+[0m[0m id             = (known after apply)
      [32m+[0m[0m identifier_uri = (known after apply)
    }

[1m  # module.azuread-remove-password["4"].azuread_application_password.application_password[0m will be created
[0m  [32m+[0m[0m resource "azuread_application_password" "application_password" {
      [32m+[0m[0m application_id = (known after apply)
      [32m+[0m[0m display_name   = "remove-me"
      [32m+[0m[0m end_date       = (known after apply)
      [32m+[0m[0m id             = (known after apply)
      [32m+[0m[0m key_id         = (known after apply)
      [32m+[0m[0m start_date     = (known after apply)
      [32m+[0m[0m value          = (sensitive value)
    }

[1m  # module.azuread-remove-password["4"].azuread_service_principal.service_principal[0m will be created
[0m  [32m+[0m[0m resource "azuread_service_principal" "service_principal" {
      [32m+[0m[0m account_enabled              = true
      [32m+[0m[0m app_role_assignment_required = false
      [32m+[0m[0m app_role_ids                 = (known after apply)
      [32m+[0m[0m app_roles                    = (known after apply)
      [32m+[0m[0m application_tenant_id        = (known after apply)
      [32m+[0m[0m client_id                    = (known after apply)
      [32m+[0m[0m display_name                 = (known after apply)
      [32m+[0m[0m homepage_url                 = (known after apply)
      [32m+[0m[0m id                           = (known after apply)
      [32m+[0m[0m logout_url                   = (known after apply)
      [32m+[0m[0m oauth2_permission_scope_ids  = (known after apply)
      [32m+[0m[0m oauth2_permission_scopes     = (known after apply)
      [32m+[0m[0m object_id                    = (known after apply)
      [32m+[0m[0m owners                       = [
          [32m+[0m[0m "0eca5427-e473-4a4a-84f4-16ad0fc5b437",
        ]
      [32m+[0m[0m redirect_uris                = (known after apply)
      [32m+[0m[0m saml_metadata_url            = (known after apply)
      [32m+[0m[0m service_principal_names      = (known after apply)
      [32m+[0m[0m sign_in_audience             = (known after apply)
      [32m+[0m[0m tags                         = (known after apply)
      [32m+[0m[0m type                         = (known after apply)
        [90m# (1 unchanged attribute hidden)[0m[0m

      [32m+[0m[0m feature_tags {
          [32m+[0m[0m enterprise = false
          [32m+[0m[0m gallery    = false
          [32m+[0m[0m hide       = true
        }

      [32m+[0m[0m features (known after apply)
    }

[1mPlan:[0m 16 to add, 0 to change, 0 to destroy.
[0m[0m[1mmodule.azuread-remove-password["4"].azuread_application.application: Creating...[0m[0m
[0m[1mmodule.azuread-remove-password["3"].azuread_application.application: Creating...[0m[0m
[0m[1mmodule.azuread-remove-password["1"].azuread_application.application: Creating...[0m[0m
[0m[1mmodule.azuread-remove-password["2"].azuread_application.application: Creating...[0m[0m
[0m[1mmodule.azuread-remove-password["3"].azuread_application.application: Creation complete after 1s [id=/applications/1a02d9b7-2a71-4a78-954d-d3a46b09bc6b][0m
[0m[1mmodule.azuread-remove-password["4"].azuread_application.application: Creation complete after 1s [id=/applications/4bbad115-6561-44e9-a2c6-ff6b23ee9902][0m
[0m[1mmodule.azuread-remove-password["2"].azuread_application.application: Creation complete after 1s [id=/applications/6b4118e3-dceb-44b7-a952-f6aaba92e3bf][0m
[0m[1mmodule.azuread-remove-password["1"].azuread_application.application: Creation complete after 1s [id=/applications/8c0cf59e-66d2-43dd-b21d-3ebc0e3cf4dd][0m
[0m[1mmodule.azuread-remove-password["2"].azuread_application_identifier_uri.application_client_id: Creating...[0m[0m
[0m[1mmodule.azuread-remove-password["3"].azuread_application_password.application_password: Creating...[0m[0m
[0m[1mmodule.azuread-remove-password["4"].azuread_application_identifier_uri.application_client_id: Creating...[0m[0m
[0m[1mmodule.azuread-remove-password["1"].azuread_application_identifier_uri.application_client_id: Creating...[0m[0m
[0m[1mmodule.azuread-remove-password["4"].azuread_application_password.application_password: Creating...[0m[0m
[0m[1mmodule.azuread-remove-password["2"].azuread_application_password.application_password: Creating...[0m[0m
[0m[1mmodule.azuread-remove-password["4"].azuread_service_principal.service_principal: Creating...[0m[0m
[0m[1mmodule.azuread-remove-password["1"].azuread_service_principal.service_principal: Creating...[0m[0m
[0m[1mmodule.azuread-remove-password["3"].azuread_service_principal.service_principal: Creating...[0m[0m
[0m[1mmodule.azuread-remove-password["2"].azuread_service_principal.service_principal: Creating...[0m[0m
[0m[1mmodule.azuread-remove-password["1"].azuread_application_identifier_uri.application_client_id: Creation complete after 0s [id=/applications/8c0cf59e-66d2-43dd-b21d-3ebc0e3cf4dd/identifierUris/YXBpOi8vNWY4NTBhMTktM2IxMS00YmY1LTllZWMtNzNjYWQ3OGIzNjhi][0m
[0m[1mmodule.azuread-remove-password["1"].azuread_application_password.application_password: Creating...[0m[0m
[0m[1mmodule.azuread-remove-password["4"].azuread_service_principal.service_principal: Creation complete after 1s [id=/servicePrincipals/596b58b7-55d0-4252-b616-da5ff79b4fe9][0m
[0m[1mmodule.azuread-remove-password["3"].azuread_application_identifier_uri.application_client_id: Creating...[0m[0m
[0m[1mmodule.azuread-remove-password["2"].azuread_service_principal.service_principal: Creation complete after 1s [id=/servicePrincipals/5ccf5dbd-05d2-48ed-93d5-14049292aede][0m
[0m[1mmodule.azuread-remove-password["1"].azuread_service_principal.service_principal: Creation complete after 1s [id=/servicePrincipals/0ff6ec2d-ee55-44fc-b0d7-5433b5310a04][0m
[0m[1mmodule.azuread-remove-password["3"].azuread_service_principal.service_principal: Creation complete after 1s [id=/servicePrincipals/4057dd16-19ed-46d9-aea7-20f4250b560c][0m
[0m[1mmodule.azuread-remove-password["3"].azuread_application_password.application_password: Creation complete after 5s [id=1a02d9b7-2a71-4a78-954d-d3a46b09bc6b/password/504ba32d-4b32-4945-95a7-d2a12399027a][0m
[0m[1mmodule.azuread-remove-password["3"].azuread_application_identifier_uri.application_client_id: Creation complete after 4s [id=/applications/1a02d9b7-2a71-4a78-954d-d3a46b09bc6b/identifierUris/YXBpOi8vMzkwYmQ1MWQtYzhmNy00ZjRiLWI1ZjktMGU2ZTcwMGM3Y2Fm][0m
[0m[1mmodule.azuread-remove-password["2"].azuread_application_password.application_password: Creation complete after 5s [id=6b4118e3-dceb-44b7-a952-f6aaba92e3bf/password/7dcf0c91-e90d-47b1-be96-c2ee705fe367][0m
[0m[1mmodule.azuread-remove-password["2"].azuread_application_identifier_uri.application_client_id: Creation complete after 5s [id=/applications/6b4118e3-dceb-44b7-a952-f6aaba92e3bf/identifierUris/YXBpOi8vMmE1YzdlYjQtYmE5Mi00Yjk0LWEzZjQtOWFjNDAwMTY0MTZj][0m
[0m[1mmodule.azuread-remove-password["4"].azuread_application_password.application_password: Creation complete after 5s [id=4bbad115-6561-44e9-a2c6-ff6b23ee9902/password/93bc9615-11ea-4dfc-868f-8da81644e3f9][0m
[0m[1mmodule.azuread-remove-password["4"].azuread_application_identifier_uri.application_client_id: Creation complete after 5s [id=/applications/4bbad115-6561-44e9-a2c6-ff6b23ee9902/identifierUris/YXBpOi8vNzAxYWNlOTctMmRmZS00ZTEwLTk3MTQtODI1NzY2MjFiN2E4][0m
[0m[1mmodule.azuread-remove-password["1"].azuread_application_password.application_password: Creation complete after 6s [id=8c0cf59e-66d2-43dd-b21d-3ebc0e3cf4dd/password/c276def6-5a0e-485c-82ed-57c18828f131][0m
[0m[1m[32m
Apply complete! Resources: 16 added, 0 changed, 0 destroyed.
[0m